PODS:
  - Kingfisher (5.3.1)
  - Realm (3.14.0):
    - Realm/Headers (= 3.14.0)
  - Realm/Headers (3.14.0)
  - RealmSwift (3.14.0):
    - Realm (= 3.14.0)

DEPENDENCIES:
  - Kingfisher
  - RealmSwift

SPEC REPOS:
  https://github.com/cocoapods/specs.git:
    - Kingfisher
    - Realm
    - RealmSwift

SPEC CHECKSUMS:
  Kingfisher: d9e7e0b209b59b8f9873aa2f37654e81a7beea51
  Realm: 221b25919bb5a010a3c597d707f8df3492dcd93a
  RealmSwift: 28f22dfa6a27b9a778cfb09471558b6afcf1022c

PODFILE CHECKSUM: d0be5184acedee0733a147a894d9b68b2b78bf4b

COCOAPODS: 1.6.0.rc.2
